
Microsoft Visual Studio Solution File, Format Version 12.00
# Visual Studio Version 17
VisualStudioVersion = 17.12.35527.113
MinimumVisualStudioVersion = 10.0.40219.1
Project("{8BC9CEB8-8B4A-11D0-8D11-00A0C91BC942}") = "6_区间", "6_区间.vcxproj", "{2F70C75C-EF71-4989-91C8-2B2677D7BC08}"
EndProject
Project("{8BC9CEB8-8B4A-11D0-8D11-00A0C91BC942}") = "7_栈", "..\7_栈\7_栈.vcxproj", "{783BE161-A8B0-4EB7-8706-573E958461E9}"
EndProject
Project("{8BC9CEB8-8B4A-11D0-8D11-00A0C91BC942}") = "0_std库", "..\0_std库\0_std库.vcxproj", "{E636D06B-BDFF-4249-8EA2-AFD870E7BDEE}"
EndProject
Project("{8BC9CEB8-8B4A-11D0-8D11-00A0C91BC942}") = "8_链表", "..\8_链表\8_链表.vcxproj", "{5D430751-5B43-48AF-A9B0-2CD72C62BC5E}"
EndProject
Project("{8BC9CEB8-8B4A-11D0-8D11-00A0C91BC942}") = "9_二叉树", "..\9_二叉树\9_二叉树.vcxproj", "{DEAEF308-F808-4EDE-AA49-557A5C7C3611}"
EndProject
Project("{8BC9CEB8-8B4A-11D0-8D11-00A0C91BC942}") = "10_二叉树层次遍历", "..\10_二叉树层次遍历\10_二叉树层次遍历.vcxproj", "{8FFD55C7-4DA0-4DB6-BE03-C533C211F38A}"
EndProject
Project("{8BC9CEB8-8B4A-11D0-8D11-00A0C91BC942}") = "11_二叉搜索树", "..\11_二叉搜索树\11_二叉搜索树.vcxproj", "{83CF2289-E03A-4860-AF0C-1F654A499878}"
EndProject
Project("{8BC9CEB8-8B4A-11D0-8D11-00A0C91BC942}") = "12_图", "..\12_图\12_图.vcxproj", "{CB5D1D6E-ADBF-4077-99B2-7F98E3BCE216}"
EndProject
Project("{8BC9CEB8-8B4A-11D0-8D11-00A0C91BC942}") = "13_图的广度优先搜索", "..\13_图的广度优先搜索\13_图的广度优先搜索.vcxproj", "{2962515B-4B76-44E0-B85C-01B304F0AFF0}"
EndProject
Project("{8BC9CEB8-8B4A-11D0-8D11-00A0C91BC942}") = "14_字典树", "..\14_字典树\14_字典树.vcxproj", "{732A13C1-07A8-410B-BC00-2BB5DCD1C690}"
EndProject
Project("{8BC9CEB8-8B4A-11D0-8D11-00A0C91BC942}") = "2_双指针", "..\2_双指针\2_双指针.vcxproj", "{9606028F-0E69-4220-89D6-FDF85074FE78}"
EndProject
Project("{8BC9CEB8-8B4A-11D0-8D11-00A0C91BC942}") = "15_回溯", "..\15_回溯\15_回溯.vcxproj", "{CE66B1F3-DBCD-41A2-8F66-79F4CEDF49A9}"
EndProject
Project("{8BC9CEB8-8B4A-11D0-8D11-00A0C91BC942}") = "16_分治", "..\16_分治\16_分治.vcxproj", "{BA5258EC-13F8-41A4-BDC1-4D7E8F0C7C9C}"
EndProject
Global
	GlobalSection(SolutionConfigurationPlatforms) = preSolution
		Debug|x64 = Debug|x64
		Debug|x86 = Debug|x86
		Release|x64 = Release|x64
		Release|x86 = Release|x86
	EndGlobalSection
	GlobalSection(ProjectConfigurationPlatforms) = postSolution
		{2F70C75C-EF71-4989-91C8-2B2677D7BC08}.Debug|x64.ActiveCfg = Debug|x64
		{2F70C75C-EF71-4989-91C8-2B2677D7BC08}.Debug|x64.Build.0 = Debug|x64
		{2F70C75C-EF71-4989-91C8-2B2677D7BC08}.Debug|x86.ActiveCfg = Debug|Win32
		{2F70C75C-EF71-4989-91C8-2B2677D7BC08}.Debug|x86.Build.0 = Debug|Win32
		{2F70C75C-EF71-4989-91C8-2B2677D7BC08}.Release|x64.ActiveCfg = Release|x64
		{2F70C75C-EF71-4989-91C8-2B2677D7BC08}.Release|x64.Build.0 = Release|x64
		{2F70C75C-EF71-4989-91C8-2B2677D7BC08}.Release|x86.ActiveCfg = Release|Win32
		{2F70C75C-EF71-4989-91C8-2B2677D7BC08}.Release|x86.Build.0 = Release|Win32
		{783BE161-A8B0-4EB7-8706-573E958461E9}.Debug|x64.ActiveCfg = Debug|x64
		{783BE161-A8B0-4EB7-8706-573E958461E9}.Debug|x64.Build.0 = Debug|x64
		{783BE161-A8B0-4EB7-8706-573E958461E9}.Debug|x86.ActiveCfg = Debug|Win32
		{783BE161-A8B0-4EB7-8706-573E958461E9}.Debug|x86.Build.0 = Debug|Win32
		{783BE161-A8B0-4EB7-8706-573E958461E9}.Release|x64.ActiveCfg = Release|x64
		{783BE161-A8B0-4EB7-8706-573E958461E9}.Release|x64.Build.0 = Release|x64
		{783BE161-A8B0-4EB7-8706-573E958461E9}.Release|x86.ActiveCfg = Release|Win32
		{783BE161-A8B0-4EB7-8706-573E958461E9}.Release|x86.Build.0 = Release|Win32
		{E636D06B-BDFF-4249-8EA2-AFD870E7BDEE}.Debug|x64.ActiveCfg = Debug|x64
		{E636D06B-BDFF-4249-8EA2-AFD870E7BDEE}.Debug|x64.Build.0 = Debug|x64
		{E636D06B-BDFF-4249-8EA2-AFD870E7BDEE}.Debug|x86.ActiveCfg = Debug|Win32
		{E636D06B-BDFF-4249-8EA2-AFD870E7BDEE}.Debug|x86.Build.0 = Debug|Win32
		{E636D06B-BDFF-4249-8EA2-AFD870E7BDEE}.Release|x64.ActiveCfg = Release|x64
		{E636D06B-BDFF-4249-8EA2-AFD870E7BDEE}.Release|x64.Build.0 = Release|x64
		{E636D06B-BDFF-4249-8EA2-AFD870E7BDEE}.Release|x86.ActiveCfg = Release|Win32
		{E636D06B-BDFF-4249-8EA2-AFD870E7BDEE}.Release|x86.Build.0 = Release|Win32
		{5D430751-5B43-48AF-A9B0-2CD72C62BC5E}.Debug|x64.ActiveCfg = Debug|x64
		{5D430751-5B43-48AF-A9B0-2CD72C62BC5E}.Debug|x64.Build.0 = Debug|x64
		{5D430751-5B43-48AF-A9B0-2CD72C62BC5E}.Debug|x86.ActiveCfg = Debug|Win32
		{5D430751-5B43-48AF-A9B0-2CD72C62BC5E}.Debug|x86.Build.0 = Debug|Win32
		{5D430751-5B43-48AF-A9B0-2CD72C62BC5E}.Release|x64.ActiveCfg = Release|x64
		{5D430751-5B43-48AF-A9B0-2CD72C62BC5E}.Release|x64.Build.0 = Release|x64
		{5D430751-5B43-48AF-A9B0-2CD72C62BC5E}.Release|x86.ActiveCfg = Release|Win32
		{5D430751-5B43-48AF-A9B0-2CD72C62BC5E}.Release|x86.Build.0 = Release|Win32
		{DEAEF308-F808-4EDE-AA49-557A5C7C3611}.Debug|x64.ActiveCfg = Debug|x64
		{DEAEF308-F808-4EDE-AA49-557A5C7C3611}.Debug|x64.Build.0 = Debug|x64
		{DEAEF308-F808-4EDE-AA49-557A5C7C3611}.Debug|x86.ActiveCfg = Debug|Win32
		{DEAEF308-F808-4EDE-AA49-557A5C7C3611}.Debug|x86.Build.0 = Debug|Win32
		{DEAEF308-F808-4EDE-AA49-557A5C7C3611}.Release|x64.ActiveCfg = Release|x64
		{DEAEF308-F808-4EDE-AA49-557A5C7C3611}.Release|x64.Build.0 = Release|x64
		{DEAEF308-F808-4EDE-AA49-557A5C7C3611}.Release|x86.ActiveCfg = Release|Win32
		{DEAEF308-F808-4EDE-AA49-557A5C7C3611}.Release|x86.Build.0 = Release|Win32
		{8FFD55C7-4DA0-4DB6-BE03-C533C211F38A}.Debug|x64.ActiveCfg = Debug|x64
		{8FFD55C7-4DA0-4DB6-BE03-C533C211F38A}.Debug|x64.Build.0 = Debug|x64
		{8FFD55C7-4DA0-4DB6-BE03-C533C211F38A}.Debug|x86.ActiveCfg = Debug|Win32
		{8FFD55C7-4DA0-4DB6-BE03-C533C211F38A}.Debug|x86.Build.0 = Debug|Win32
		{8FFD55C7-4DA0-4DB6-BE03-C533C211F38A}.Release|x64.ActiveCfg = Release|x64
		{8FFD55C7-4DA0-4DB6-BE03-C533C211F38A}.Release|x64.Build.0 = Release|x64
		{8FFD55C7-4DA0-4DB6-BE03-C533C211F38A}.Release|x86.ActiveCfg = Release|Win32
		{8FFD55C7-4DA0-4DB6-BE03-C533C211F38A}.Release|x86.Build.0 = Release|Win32
		{83CF2289-E03A-4860-AF0C-1F654A499878}.Debug|x64.ActiveCfg = Debug|x64
		{83CF2289-E03A-4860-AF0C-1F654A499878}.Debug|x64.Build.0 = Debug|x64
		{83CF2289-E03A-4860-AF0C-1F654A499878}.Debug|x86.ActiveCfg = Debug|Win32
		{83CF2289-E03A-4860-AF0C-1F654A499878}.Debug|x86.Build.0 = Debug|Win32
		{83CF2289-E03A-4860-AF0C-1F654A499878}.Release|x64.ActiveCfg = Release|x64
		{83CF2289-E03A-4860-AF0C-1F654A499878}.Release|x64.Build.0 = Release|x64
		{83CF2289-E03A-4860-AF0C-1F654A499878}.Release|x86.ActiveCfg = Release|Win32
		{83CF2289-E03A-4860-AF0C-1F654A499878}.Release|x86.Build.0 = Release|Win32
		{CB5D1D6E-ADBF-4077-99B2-7F98E3BCE216}.Debug|x64.ActiveCfg = Debug|x64
		{CB5D1D6E-ADBF-4077-99B2-7F98E3BCE216}.Debug|x64.Build.0 = Debug|x64
		{CB5D1D6E-ADBF-4077-99B2-7F98E3BCE216}.Debug|x86.ActiveCfg = Debug|Win32
		{CB5D1D6E-ADBF-4077-99B2-7F98E3BCE216}.Debug|x86.Build.0 = Debug|Win32
		{CB5D1D6E-ADBF-4077-99B2-7F98E3BCE216}.Release|x64.ActiveCfg = Release|x64
		{CB5D1D6E-ADBF-4077-99B2-7F98E3BCE216}.Release|x64.Build.0 = Release|x64
		{CB5D1D6E-ADBF-4077-99B2-7F98E3BCE216}.Release|x86.ActiveCfg = Release|Win32
		{CB5D1D6E-ADBF-4077-99B2-7F98E3BCE216}.Release|x86.Build.0 = Release|Win32
		{2962515B-4B76-44E0-B85C-01B304F0AFF0}.Debug|x64.ActiveCfg = Debug|x64
		{2962515B-4B76-44E0-B85C-01B304F0AFF0}.Debug|x64.Build.0 = Debug|x64
		{2962515B-4B76-44E0-B85C-01B304F0AFF0}.Debug|x86.ActiveCfg = Debug|Win32
		{2962515B-4B76-44E0-B85C-01B304F0AFF0}.Debug|x86.Build.0 = Debug|Win32
		{2962515B-4B76-44E0-B85C-01B304F0AFF0}.Release|x64.ActiveCfg = Release|x64
		{2962515B-4B76-44E0-B85C-01B304F0AFF0}.Release|x64.Build.0 = Release|x64
		{2962515B-4B76-44E0-B85C-01B304F0AFF0}.Release|x86.ActiveCfg = Release|Win32
		{2962515B-4B76-44E0-B85C-01B304F0AFF0}.Release|x86.Build.0 = Release|Win32
		{732A13C1-07A8-410B-BC00-2BB5DCD1C690}.Debug|x64.ActiveCfg = Debug|x64
		{732A13C1-07A8-410B-BC00-2BB5DCD1C690}.Debug|x64.Build.0 = Debug|x64
		{732A13C1-07A8-410B-BC00-2BB5DCD1C690}.Debug|x86.ActiveCfg = Debug|Win32
		{732A13C1-07A8-410B-BC00-2BB5DCD1C690}.Debug|x86.Build.0 = Debug|Win32
		{732A13C1-07A8-410B-BC00-2BB5DCD1C690}.Release|x64.ActiveCfg = Release|x64
		{732A13C1-07A8-410B-BC00-2BB5DCD1C690}.Release|x64.Build.0 = Release|x64
		{732A13C1-07A8-410B-BC00-2BB5DCD1C690}.Release|x86.ActiveCfg = Release|Win32
		{732A13C1-07A8-410B-BC00-2BB5DCD1C690}.Release|x86.Build.0 = Release|Win32
		{9606028F-0E69-4220-89D6-FDF85074FE78}.Debug|x64.ActiveCfg = Debug|x64
		{9606028F-0E69-4220-89D6-FDF85074FE78}.Debug|x64.Build.0 = Debug|x64
		{9606028F-0E69-4220-89D6-FDF85074FE78}.Debug|x86.ActiveCfg = Debug|Win32
		{9606028F-0E69-4220-89D6-FDF85074FE78}.Debug|x86.Build.0 = Debug|Win32
		{9606028F-0E69-4220-89D6-FDF85074FE78}.Release|x64.ActiveCfg = Release|x64
		{9606028F-0E69-4220-89D6-FDF85074FE78}.Release|x64.Build.0 = Release|x64
		{9606028F-0E69-4220-89D6-FDF85074FE78}.Release|x86.ActiveCfg = Release|Win32
		{9606028F-0E69-4220-89D6-FDF85074FE78}.Release|x86.Build.0 = Release|Win32
		{CE66B1F3-DBCD-41A2-8F66-79F4CEDF49A9}.Debug|x64.ActiveCfg = Debug|x64
		{CE66B1F3-DBCD-41A2-8F66-79F4CEDF49A9}.Debug|x64.Build.0 = Debug|x64
		{CE66B1F3-DBCD-41A2-8F66-79F4CEDF49A9}.Debug|x86.ActiveCfg = Debug|Win32
		{CE66B1F3-DBCD-41A2-8F66-79F4CEDF49A9}.Debug|x86.Build.0 = Debug|Win32
		{CE66B1F3-DBCD-41A2-8F66-79F4CEDF49A9}.Release|x64.ActiveCfg = Release|x64
		{CE66B1F3-DBCD-41A2-8F66-79F4CEDF49A9}.Release|x64.Build.0 = Release|x64
		{CE66B1F3-DBCD-41A2-8F66-79F4CEDF49A9}.Release|x86.ActiveCfg = Release|Win32
		{CE66B1F3-DBCD-41A2-8F66-79F4CEDF49A9}.Release|x86.Build.0 = Release|Win32
		{BA5258EC-13F8-41A4-BDC1-4D7E8F0C7C9C}.Debug|x64.ActiveCfg = Debug|x64
		{BA5258EC-13F8-41A4-BDC1-4D7E8F0C7C9C}.Debug|x64.Build.0 = Debug|x64
		{BA5258EC-13F8-41A4-BDC1-4D7E8F0C7C9C}.Debug|x86.ActiveCfg = Debug|Win32
		{BA5258EC-13F8-41A4-BDC1-4D7E8F0C7C9C}.Debug|x86.Build.0 = Debug|Win32
		{BA5258EC-13F8-41A4-BDC1-4D7E8F0C7C9C}.Release|x64.ActiveCfg = Release|x64
		{BA5258EC-13F8-41A4-BDC1-4D7E8F0C7C9C}.Release|x64.Build.0 = Release|x64
		{BA5258EC-13F8-41A4-BDC1-4D7E8F0C7C9C}.Release|x86.ActiveCfg = Release|Win32
		{BA5258EC-13F8-41A4-BDC1-4D7E8F0C7C9C}.Release|x86.Build.0 = Release|Win32
	EndGlobalSection
	GlobalSection(SolutionProperties) = preSolution
		HideSolutionNode = FALSE
	EndGlobalSection
EndGlobal
